
Microsoft Visual Studio Solution File, Format Version 12.00
# Visual Studio 15
VisualStudioVersion = 15.0.27130.2010
MinimumVisualStudioVersion = 10.0.40219.1
Project("{9A19103F-16F7-4668-BE54-9A1E7A4F7556}") = "DockerDatabase", "DockerDatabase\DockerDatabase.csproj", "{4D605F5E-9755-4666-9B3A-354361C7DCA7}"
EndProject
Project("{9A19103F-16F7-4668-BE54-9A1E7A4F7556}") = "DockerDatabase.Tests", "DockerDatabase.Tests\DockerDatabase.Tests.csproj", "{B24338E3-43E7-4708-9ECE-D60762B766E0}"
EndProject
Project("{2150E333-8FDC-42A3-9474-1A3956D46DE8}") = "Solution Items", "Solution Items", "{AD865773-FD20-469A-A966-5422BBED7952}"
	ProjectSection(SolutionItems) = preProject
		LICENSE = LICENSE
	EndProjectSection
EndProject
Global
	GlobalSection(SolutionConfigurationPlatforms) = preSolution
		Debug|Any CPU = Debug|Any CPU
		Release|Any CPU = Release|Any CPU
	EndGlobalSection
	GlobalSection(ProjectConfigurationPlatforms) = postSolution
		{4D605F5E-9755-4666-9B3A-354361C7DCA7}.Debug|Any CPU.ActiveCfg = Debug|Any CPU
		{4D605F5E-9755-4666-9B3A-354361C7DCA7}.Debug|Any CPU.Build.0 = Debug|Any CPU
		{4D605F5E-9755-4666-9B3A-354361C7DCA7}.Release|Any CPU.ActiveCfg = Release|Any CPU
		{4D605F5E-9755-4666-9B3A-354361C7DCA7}.Release|Any CPU.Build.0 = Release|Any CPU
		{B24338E3-43E7-4708-9ECE-D60762B766E0}.Debug|Any CPU.ActiveCfg = Debug|Any CPU
		{B24338E3-43E7-4708-9ECE-D60762B766E0}.Debug|Any CPU.Build.0 = Debug|Any CPU
		{B24338E3-43E7-4708-9ECE-D60762B766E0}.Release|Any CPU.ActiveCfg = Release|Any CPU
		{B24338E3-43E7-4708-9ECE-D60762B766E0}.Release|Any CPU.Build.0 = Release|Any CPU
	EndGlobalSection
	GlobalSection(SolutionProperties) = preSolution
		HideSolutionNode = FALSE
	EndGlobalSection
	GlobalSection(ExtensibilityGlobals) = postSolution
		SolutionGuid = {14BD9B9C-FF43-4A27-9239-52B761E5BBF6}
	EndGlobalSection
EndGlobal
